
Microsoft Visual Studio Solution File, Format Version 12.00
# Visual Studio Version 16
VisualStudioVersion = 16.0.31729.503
MinimumVisualStudioVersion = 10.0.40219.1
Project("{FAE04EC0-301F-11D3-BF4B-00C04F79EFBC}") = "bt27.12", "bt27.12\bt27.12.csproj", "{61DA514F-A87D-4D21-B9DA-38E3EDDA13F4}"
EndProject
Global
	GlobalSection(SolutionConfigurationPlatforms) = preSolution
		Debug|Any CPU = Debug|Any CPU
		Release|Any CPU = Release|Any CPU
	EndGlobalSection
	GlobalSection(ProjectConfigurationPlatforms) = postSolution
		{61DA514F-A87D-4D21-B9DA-38E3EDDA13F4}.Debug|Any CPU.ActiveCfg = Debug|Any CPU
		{61DA514F-A87D-4D21-B9DA-38E3EDDA13F4}.Debug|Any CPU.Build.0 = Debug|Any CPU
		{61DA514F-A87D-4D21-B9DA-38E3EDDA13F4}.Release|Any CPU.ActiveCfg = Release|Any CPU
		{61DA514F-A87D-4D21-B9DA-38E3EDDA13F4}.Release|Any CPU.Build.0 = Release|Any CPU
	EndGlobalSection
	GlobalSection(SolutionProperties) = preSolution
		HideSolutionNode = FALSE
	EndGlobalSection
	GlobalSection(ExtensibilityGlobals) = postSolution
		SolutionGuid = {D4911BE5-F73F-44C7-B342-F934FBE06113}
	EndGlobalSection
EndGlobal
